
Microsoft Visual Studio Solution File, Format Version 12.00
# Visual Studio 15
VisualStudioVersion = 15.0.27428.2037
MinimumVisualStudioVersion = 10.0.40219.1
Project("{9A19103F-16F7-4668-BE54-9A1E7A4F7556}") = "LambdaAlexa", "LambdaAlexa\LambdaAlexa.csproj", "{D90798EA-7B37-4136-915B-CECF43773E21}"
EndProject
Project("{9A19103F-16F7-4668-BE54-9A1E7A4F7556}") = "AwsBilly", "AwsBilly\AwsBilly.csproj", "{1399B684-BB10-4F70-8761-CEC1423FDABF}"
EndProject
Global
	GlobalSection(SolutionConfigurationPlatforms) = preSolution
		Debug|Any CPU = Debug|Any CPU
		Release|Any CPU = Release|Any CPU
	EndGlobalSection
	GlobalSection(ProjectConfigurationPlatforms) = postSolution
		{D90798EA-7B37-4136-915B-CECF43773E21}.Debug|Any CPU.ActiveCfg = Debug|Any CPU
		{D90798EA-7B37-4136-915B-CECF43773E21}.Debug|Any CPU.Build.0 = Debug|Any CPU
		{D90798EA-7B37-4136-915B-CECF43773E21}.Release|Any CPU.ActiveCfg = Release|Any CPU
		{D90798EA-7B37-4136-915B-CECF43773E21}.Release|Any CPU.Build.0 = Release|Any CPU
		{1399B684-BB10-4F70-8761-CEC1423FDABF}.Debug|Any CPU.ActiveCfg = Debug|Any CPU
		{1399B684-BB10-4F70-8761-CEC1423FDABF}.Debug|Any CPU.Build.0 = Debug|Any CPU
		{1399B684-BB10-4F70-8761-CEC1423FDABF}.Release|Any CPU.ActiveCfg = Release|Any CPU
		{1399B684-BB10-4F70-8761-CEC1423FDABF}.Release|Any CPU.Build.0 = Release|Any CPU
	EndGlobalSection
	GlobalSection(SolutionProperties) = preSolution
		HideSolutionNode = FALSE
	EndGlobalSection
	GlobalSection(ExtensibilityGlobals) = postSolution
		SolutionGuid = {E23C54AC-04DB-43A3-9643-C3AA9579E955}
	EndGlobalSection
EndGlobal
